
Microsoft Visual Studio Solution File, Format Version 12.00
# Visual Studio Version 16
VisualStudioVersion = 16.0.31321.278
MinimumVisualStudioVersion = 10.0.40219.1
Project("{2150E333-8FDC-42A3-9474-1A3956D46DE8}") = "Application", "Application", "{21AF0A4C-7D79-49DE-B96A-EB6DE5CF7AB2}"
EndProject
Project("{2150E333-8FDC-42A3-9474-1A3956D46DE8}") = "Domain", "Domain", "{379C0B00-21A1-4E30-9146-1A45B6405034}"
EndProject
Project("{2150E333-8FDC-42A3-9474-1A3956D46DE8}") = "Infra.Data", "Infra.Data", "{9980A035-9045-4A5F-B2B1-A9C449E5BE78}"
EndProject
Project("{2150E333-8FDC-42A3-9474-1A3956D46DE8}") = "Infra.IOC", "Infra.IOC", "{4321A1A2-7C05-4DBC-B2F8-9611B07E751E}"
EndProject
Project("{2150E333-8FDC-42A3-9474-1A3956D46DE8}") = "Presentation", "Presentation", "{2C78EAED-CBA2-4A9F-9ACC-063343EE36BD}"
EndProject
Project("{FAE04EC0-301F-11D3-BF4B-00C04F79EFBC}") = "CleanArch.Mvc", "CleanArch.Mvc\CleanArch.Mvc.csproj", "{D110C46C-D14D-411F-8239-AB586F7987B2}"
EndProject
Project("{FAE04EC0-301F-11D3-BF4B-00C04F79EFBC}") = "CleanArch.Domains", "CleanArch.Domains\CleanArch.Domains.csproj", "{E44C5B5E-604A-4939-AD00-BD6E3ADAFD3A}"
EndProject
Global
	GlobalSection(SolutionConfigurationPlatforms) = preSolution
		Debug|Any CPU = Debug|Any CPU
		Release|Any CPU = Release|Any CPU
	EndGlobalSection
	GlobalSection(ProjectConfigurationPlatforms) = postSolution
		{D110C46C-D14D-411F-8239-AB586F7987B2}.Debug|Any CPU.ActiveCfg = Debug|Any CPU
		{D110C46C-D14D-411F-8239-AB586F7987B2}.Debug|Any CPU.Build.0 = Debug|Any CPU
		{D110C46C-D14D-411F-8239-AB586F7987B2}.Release|Any CPU.ActiveCfg = Release|Any CPU
		{D110C46C-D14D-411F-8239-AB586F7987B2}.Release|Any CPU.Build.0 = Release|Any CPU
		{E44C5B5E-604A-4939-AD00-BD6E3ADAFD3A}.Debug|Any CPU.ActiveCfg = Debug|Any CPU
		{E44C5B5E-604A-4939-AD00-BD6E3ADAFD3A}.Debug|Any CPU.Build.0 = Debug|Any CPU
		{E44C5B5E-604A-4939-AD00-BD6E3ADAFD3A}.Release|Any CPU.ActiveCfg = Release|Any CPU
		{E44C5B5E-604A-4939-AD00-BD6E3ADAFD3A}.Release|Any CPU.Build.0 = Release|Any CPU
	EndGlobalSection
	GlobalSection(SolutionProperties) = preSolution
		HideSolutionNode = FALSE
	EndGlobalSection
	GlobalSection(NestedProjects) = preSolution
		{D110C46C-D14D-411F-8239-AB586F7987B2} = {2C78EAED-CBA2-4A9F-9ACC-063343EE36BD}
		{E44C5B5E-604A-4939-AD00-BD6E3ADAFD3A} = {379C0B00-21A1-4E30-9146-1A45B6405034}
	EndGlobalSection
	GlobalSection(ExtensibilityGlobals) = postSolution
		SolutionGuid = {9D14FCED-0A9D-4331-8BCC-7A633CE5B56E}
	EndGlobalSection
EndGlobal
